
Microsoft Visual Studio Solution File, Format Version 12.00
# Visual Studio Version 17
VisualStudioVersion = 17.0.31903.59
MinimumVisualStudioVersion = 10.0.40219.1
Project("{FAE04EC0-301F-11D3-BF4B-00C04F79EFBC}") = "Calculator", "Calculator\Calculator.csproj", "{D534237B-B918-4839-82F3-ED6B21B16FAE}"
EndProject
Project("{FAE04EC0-301F-11D3-BF4B-00C04F79EFBC}") = "Calculator.Tests", "Calculator.Tests\Calculator.Tests.csproj", "{C3E7C33C-1B9D-40E5-9B16-AA37D5EEFDD0}"
EndProject
Global
	GlobalSection(SolutionConfigurationPlatforms) = preSolution
		Debug|Any CPU = Debug|Any CPU
		Debug|x64 = Debug|x64
		Debug|x86 = Debug|x86
		Release|Any CPU = Release|Any CPU
		Release|x64 = Release|x64
		Release|x86 = Release|x86
	EndGlobalSection
	GlobalSection(ProjectConfigurationPlatforms) = postSolution
		{D534237B-B918-4839-82F3-ED6B21B16FAE}.Debug|Any CPU.ActiveCfg = Debug|Any CPU
		{D534237B-B918-4839-82F3-ED6B21B16FAE}.Debug|Any CPU.Build.0 = Debug|Any CPU
		{D534237B-B918-4839-82F3-ED6B21B16FAE}.Debug|x64.ActiveCfg = Debug|Any CPU
		{D534237B-B918-4839-82F3-ED6B21B16FAE}.Debug|x64.Build.0 = Debug|Any CPU
		{D534237B-B918-4839-82F3-ED6B21B16FAE}.Debug|x86.ActiveCfg = Debug|Any CPU
		{D534237B-B918-4839-82F3-ED6B21B16FAE}.Debug|x86.Build.0 = Debug|Any CPU
		{D534237B-B918-4839-82F3-ED6B21B16FAE}.Release|Any CPU.ActiveCfg = Release|Any CPU
		{D534237B-B918-4839-82F3-ED6B21B16FAE}.Release|Any CPU.Build.0 = Release|Any CPU
		{D534237B-B918-4839-82F3-ED6B21B16FAE}.Release|x64.ActiveCfg = Release|Any CPU
		{D534237B-B918-4839-82F3-ED6B21B16FAE}.Release|x64.Build.0 = Release|Any CPU
		{D534237B-B918-4839-82F3-ED6B21B16FAE}.Release|x86.ActiveCfg = Release|Any CPU
		{D534237B-B918-4839-82F3-ED6B21B16FAE}.Release|x86.Build.0 = Release|Any CPU
		{C3E7C33C-1B9D-40E5-9B16-AA37D5EEFDD0}.Debug|Any CPU.ActiveCfg = Debug|Any CPU
		{C3E7C33C-1B9D-40E5-9B16-AA37D5EEFDD0}.Debug|Any CPU.Build.0 = Debug|Any CPU
		{C3E7C33C-1B9D-40E5-9B16-AA37D5EEFDD0}.Debug|x64.ActiveCfg = Debug|Any CPU
		{C3E7C33C-1B9D-40E5-9B16-AA37D5EEFDD0}.Debug|x64.Build.0 = Debug|Any CPU
		{C3E7C33C-1B9D-40E5-9B16-AA37D5EEFDD0}.Debug|x86.ActiveCfg = Debug|Any CPU
		{C3E7C33C-1B9D-40E5-9B16-AA37D5EEFDD0}.Debug|x86.Build.0 = Debug|Any CPU
		{C3E7C33C-1B9D-40E5-9B16-AA37D5EEFDD0}.Release|Any CPU.ActiveCfg = Release|Any CPU
		{C3E7C33C-1B9D-40E5-9B16-AA37D5EEFDD0}.Release|Any CPU.Build.0 = Release|Any CPU
		{C3E7C33C-1B9D-40E5-9B16-AA37D5EEFDD0}.Release|x64.ActiveCfg = Release|Any CPU
		{C3E7C33C-1B9D-40E5-9B16-AA37D5EEFDD0}.Release|x64.Build.0 = Release|Any CPU
		{C3E7C33C-1B9D-40E5-9B16-AA37D5EEFDD0}.Release|x86.ActiveCfg = Release|Any CPU
		{C3E7C33C-1B9D-40E5-9B16-AA37D5EEFDD0}.Release|x86.Build.0 = Release|Any CPU
	EndGlobalSection
	GlobalSection(SolutionProperties) = preSolution
		HideSolutionNode = FALSE
	EndGlobalSection
EndGlobal
